
Microsoft Visual Studio Solution File, Format Version 12.00
# Visual Studio Version 16
VisualStudioVersion = 16.0.29418.71
MinimumVisualStudioVersion = 10.0.40219.1
Project("{FAE04EC0-301F-11D3-BF4B-00C04F79EFBC}") = "GlobalMotorcycleServiceModule", "GlobalMotorcycleServiceModule\GlobalMotorcycleServiceModule.csproj", "{2D7CEC72-A0CF-46C6-892D-F9B13ED86F07}"
EndProject
Project("{FAE04EC0-301F-11D3-BF4B-00C04F79EFBC}") = "MotorcycleConsole", "MotorcycleConsole\MotorcycleConsole.csproj", "{F179E12C-A79D-4A7F-9121-ACCAE5A21B3F}"
EndProject
Global
	GlobalSection(SolutionConfigurationPlatforms) = preSolution
		Debug|Any CPU = Debug|Any CPU
		Release|Any CPU = Release|Any CPU
	EndGlobalSection
	GlobalSection(ProjectConfigurationPlatforms) = postSolution
		{2D7CEC72-A0CF-46C6-892D-F9B13ED86F07}.Debug|Any CPU.ActiveCfg = Debug|Any CPU
		{2D7CEC72-A0CF-46C6-892D-F9B13ED86F07}.Debug|Any CPU.Build.0 = Debug|Any CPU
		{2D7CEC72-A0CF-46C6-892D-F9B13ED86F07}.Release|Any CPU.ActiveCfg = Release|Any CPU
		{2D7CEC72-A0CF-46C6-892D-F9B13ED86F07}.Release|Any CPU.Build.0 = Release|Any CPU
		{F179E12C-A79D-4A7F-9121-ACCAE5A21B3F}.Debug|Any CPU.ActiveCfg = Debug|Any CPU
		{F179E12C-A79D-4A7F-9121-ACCAE5A21B3F}.Debug|Any CPU.Build.0 = Debug|Any CPU
		{F179E12C-A79D-4A7F-9121-ACCAE5A21B3F}.Release|Any CPU.ActiveCfg = Release|Any CPU
		{F179E12C-A79D-4A7F-9121-ACCAE5A21B3F}.Release|Any CPU.Build.0 = Release|Any CPU
	EndGlobalSection
	GlobalSection(SolutionProperties) = preSolution
		HideSolutionNode = FALSE
	EndGlobalSection
	GlobalSection(ExtensibilityGlobals) = postSolution
		SolutionGuid = {63B54247-EAFA-4E6F-97ED-7DBF85432A9C}
	EndGlobalSection
EndGlobal
